// !$*UTF8*$!
{
	archiveVersion = 1;
	classes = {
	};
	objectVersion = 50;
	objects = {

/* Begin PBXBuildFile section */
		4896614F22A236F70076BA30 /* AppDelegate.swift in Sources */ = {isa = PBXBuildFile; fileRef = 4896614E22A236F70076BA30 /* AppDelegate.swift */; };
		4896615622A236F90076BA30 /* Assets.xcassets in Resources */ = {isa = PBXBuildFile; fileRef = 4896615522A236F90076BA30 /* Assets.xcassets */; };
		4896615922A236F90076BA30 /* LaunchScreen.storyboard in Resources */ = {isa = PBXBuildFile; fileRef = 4896615722A236F90076BA30 /* LaunchScreen.storyboard */; };
		4896616B22A2378F0076BA30 /* ViewController01.swift in Sources */ = {isa = PBXBuildFile; fileRef = 4896616122A2378E0076BA30 /* ViewController01.swift */; };
		4896616C22A2378F0076BA30 /* ViewController02.swift in Sources */ = {isa = PBXBuildFile; fileRef = 4896616222A2378E0076BA30 /* ViewController02.swift */; };
		4896616D22A2378F0076BA30 /* ViewController06.swift in Sources */ = {isa = PBXBuildFile; fileRef = 4896616322A2378E0076BA30 /* ViewController06.swift */; };
		4896616E22A2378F0076BA30 /* ViewController08.swift in Sources */ = {isa = PBXBuildFile; fileRef = 4896616422A2378E0076BA30 /* ViewController08.swift */; };
		4896616F22A2378F0076BA30 /* ViewController05.swift in Sources */ = {isa = PBXBuildFile; fileRef = 4896616522A2378E0076BA30 /* ViewController05.swift */; };
		4896617022A2378F0076BA30 /* ViewController03.swift in Sources */ = {isa = PBXBuildFile; fileRef = 4896616622A2378E0076BA30 /* ViewController03.swift */; };
		4896617122A2378F0076BA30 /* ViewController04.swift in Sources */ = {isa = PBXBuildFile; fileRef = 4896616722A2378E0076BA30 /* ViewController04.swift */; };
		4896617222A2378F0076BA30 /* ViewController07.swift in Sources */ = {isa = PBXBuildFile; fileRef = 4896616822A2378E0076BA30 /* ViewController07.swift */; };
		4896617322A2378F0076BA30 /* ViewController09.swift in Sources */ = {isa = PBXBuildFile; fileRef = 4896616922A2378E0076BA30 /* ViewController09.swift */; };
		4896617422A2378F0076BA30 /* ViewController10.swift in Sources */ = {isa = PBXBuildFile; fileRef = 4896616A22A2378E0076BA30 /* ViewController10.swift */; };
		4896617622A238B90076BA30 /* MightyTabBar.swift in Sources */ = {isa = PBXBuildFile; fileRef = 4896617522A238B90076BA30 /* MightyTabBar.swift */; };
		4896617822A239460076BA30 /* MightyTabBarController.swift in Sources */ = {isa = PBXBuildFile; fileRef = 4896617722A239460076BA30 /* MightyTabBarController.swift */; };
/* End PBXBuildFile section */

/* Begin PBXFileReference section */
		4896614B22A236F70076BA30 /* MightyTabBar.app */ = {isa = PBXFileReference; explicitFileType = wrapper.application; includeInIndex = 0; path = MightyTabBar.app; sourceTree = BUILT_PRODUCTS_DIR; };
		4896614E22A236F70076BA30 /* AppDelegate.swift */ = {isa = PBXFileReference; lastKnownFileType = sourcecode.swift; path = AppDelegate.swift; sourceTree = "<group>"; };
		4896615522A236F90076BA30 /* Assets.xcassets */ = {isa = PBXFileReference; lastKnownFileType = folder.assetcatalog; path = Assets.xcassets; sourceTree = "<group>"; };
		4896615822A236F90076BA30 /* Base */ = {isa = PBXFileReference; lastKnownFileType = file.storyboard; name = Base; path = Base.lproj/LaunchScreen.storyboard; sourceTree = "<group>"; };
		4896615A22A236F90076BA30 /* Info.plist */ = {isa = PBXFileReference; lastKnownFileType = text.plist.xml; path = Info.plist; sourceTree = "<group>"; };
		4896616122A2378E0076BA30 /* ViewController01.swift */ = {isa = PBXFileReference; fileEncoding = 4; lastKnownFileType = sourcecode.swift; path = ViewController01.swift; sourceTree = "<group>"; };
		4896616222A2378E0076BA30 /* ViewController02.swift */ = {isa = PBXFileReference; fileEncoding = 4; lastKnownFileType = sourcecode.swift; path = ViewController02.swift; sourceTree = "<group>"; };
		4896616322A2378E0076BA30 /* ViewController06.swift */ = {isa = PBXFileReference; fileEncoding = 4; lastKnownFileType = sourcecode.swift; path = ViewController06.swift; sourceTree = "<group>"; };
		4896616422A2378E0076BA30 /* ViewController08.swift */ = {isa = PBXFileReference; fileEncoding = 4; lastKnownFileType = sourcecode.swift; path = ViewController08.swift; sourceTree = "<group>"; };
		4896616522A2378E0076BA30 /* ViewController05.swift */ = {isa = PBXFileReference; fileEncoding = 4; lastKnownFileType = sourcecode.swift; path = ViewController05.swift; sourceTree = "<group>"; };
		4896616622A2378E0076BA30 /* ViewController03.swift */ = {isa = PBXFileReference; fileEncoding = 4; lastKnownFileType = sourcecode.swift; path = ViewController03.swift; sourceTree = "<group>"; };
		4896616722A2378E0076BA30 /* ViewController04.swift */ = {isa = PBXFileReference; fileEncoding = 4; lastKnownFileType = sourcecode.swift; path = ViewController04.swift; sourceTree = "<group>"; };
		4896616822A2378E0076BA30 /* ViewController07.swift */ = {isa = PBXFileReference; fileEncoding = 4; lastKnownFileType = sourcecode.swift; path = ViewController07.swift; sourceTree = "<group>"; };
		4896616922A2378E0076BA30 /* ViewController09.swift */ = {isa = PBXFileReference; fileEncoding = 4; lastKnownFileType = sourcecode.swift; path = ViewController09.swift; sourceTree = "<group>"; };
		4896616A22A2378E0076BA30 /* ViewController10.swift */ = {isa = PBXFileReference; fileEncoding = 4; lastKnownFileType = sourcecode.swift; path = ViewController10.swift; sourceTree = "<group>"; };
		4896617522A238B90076BA30 /* MightyTabBar.swift */ = {isa = PBXFileReference; lastKnownFileType = sourcecode.swift; path = MightyTabBar.swift; sourceTree = "<group>"; };
		4896617722A239460076BA30 /* MightyTabBarController.swift */ = {isa = PBXFileReference; lastKnownFileType = sourcecode.swift; path = MightyTabBarController.swift; sourceTree = "<group>"; };
/* End PBXFileReference section */

/* Begin PBXFrameworksBuildPhase section */
		4896614822A236F70076BA30 /* Frameworks */ = {
			isa = PBXFrameworksBuildPhase;
			buildActionMask = 2147483647;
			files = (
			);
			runOnlyForDeploymentPostprocessing = 0;
		};
/* End PBXFrameworksBuildPhase section */

/* Begin PBXGroup section */
		4836B65422A4E1E000748AD1 /* ViewControllers */ = {
			isa = PBXGroup;
			children = (
				4896616122A2378E0076BA30 /* ViewController01.swift */,
				4896616222A2378E0076BA30 /* ViewController02.swift */,
				4896616622A2378E0076BA30 /* ViewController03.swift */,
				4896616722A2378E0076BA30 /* ViewController04.swift */,
				4896616522A2378E0076BA30 /* ViewController05.swift */,
				4896616322A2378E0076BA30 /* ViewController06.swift */,
				4896616822A2378E0076BA30 /* ViewController07.swift */,
				4896616422A2378E0076BA30 /* ViewController08.swift */,
				4896616922A2378E0076BA30 /* ViewController09.swift */,
				4896616A22A2378E0076BA30 /* ViewController10.swift */,
			);
			path = ViewControllers;
			sourceTree = "<group>";
		};
		4896614222A236F70076BA30 = {
			isa = PBXGroup;
			children = (
				4896614D22A236F70076BA30 /* MightyTabBar */,
				4896614C22A236F70076BA30 /* Products */,
			);
			sourceTree = "<group>";
		};
		4896614C22A236F70076BA30 /* Products */ = {
			isa = PBXGroup;
			children = (
				4896614B22A236F70076BA30 /* MightyTabBar.app */,
			);
			name = Products;
			sourceTree = "<group>";
		};
		4896614D22A236F70076BA30 /* MightyTabBar */ = {
			isa = PBXGroup;
			children = (
				4896616022A2370D0076BA30 /* MightyTabBar */,
				4896614E22A236F70076BA30 /* AppDelegate.swift */,
				4836B65422A4E1E000748AD1 /* ViewControllers */,
				4896615522A236F90076BA30 /* Assets.xcassets */,
				4896615722A236F90076BA30 /* LaunchScreen.storyboard */,
				4896615A22A236F90076BA30 /* Info.plist */,
			);
			path = MightyTabBar;
			sourceTree = "<group>";
		};
		4896616022A2370D0076BA30 /* MightyTabBar */ = {
			isa = PBXGroup;
			children = (
				4896617522A238B90076BA30 /* MightyTabBar.swift */,
				4896617722A239460076BA30 /* MightyTabBarController.swift */,
			);
			path = MightyTabBar;
			sourceTree = "<group>";
		};
/* End PBXGroup section */

/* Begin PBXNativeTarget section */
		4896614A22A236F70076BA30 /* MightyTabBar */ = {
			isa = PBXNativeTarget;
			buildConfigurationList = 4896615D22A236F90076BA30 /* Build configuration list for PBXNativeTarget "MightyTabBar" */;
			buildPhases = (
				4896614722A236F70076BA30 /* Sources */,
				4896614822A236F70076BA30 /* Frameworks */,
				4896614922A236F70076BA30 /* Resources */,
			);
			buildRules = (
			);
			dependencies = (
			);
			name = MightyTabBar;
			productName = DynamicTabBar;
			productReference = 4896614B22A236F70076BA30 /* MightyTabBar.app */;
			productType = "com.apple.product-type.application";
		};
/* End PBXNativeTarget section */

/* Begin PBXProject section */
		4896614322A236F70076BA30 /* Project object */ = {
			isa = PBXProject;
			attributes = {
				LastSwiftUpdateCheck = 1020;
				LastUpgradeCheck = 1020;
				ORGANIZATIONNAME = "Tim Shim";
				TargetAttributes = {
					4896614A22A236F70076BA30 = {
						CreatedOnToolsVersion = 10.2.1;
					};
				};
			};
			buildConfigurationList = 4896614622A236F70076BA30 /* Build configuration list for PBXProject "MightyTabBar" */;
			compatibilityVersion = "Xcode 9.3";
			developmentRegion = en;
			hasScannedForEncodings = 0;
			knownRegions = (
				en,
				Base,
			);
			mainGroup = 4896614222A236F70076BA30;
			productRefGroup = 4896614C22A236F70076BA30 /* Products */;
			projectDirPath = "";
			projectRoot = "";
			targets = (
				4896614A22A236F70076BA30 /* MightyTabBar */,
			);
		};
/* End PBXProject section */

/* Begin PBXResourcesBuildPhase section */
		4896614922A236F70076BA30 /* Resources */ = {
			isa = PBXResourcesBuildPhase;
			buildActionMask = 2147483647;
			files = (
				4896615922A236F90076BA30 /* LaunchScreen.storyboard in Resources */,
				4896615622A236F90076BA30 /* Assets.xcassets in Resources */,
			);
			runOnlyForDeploymentPostprocessing = 0;
		};
/* End PBXResourcesBuildPhase section */

/* Begin PBXSourcesBuildPhase section */
		4896614722A236F70076BA30 /* Sources */ = {
			isa = PBXSourcesBuildPhase;
			buildActionMask = 2147483647;
			files = (
				4896616F22A2378F0076BA30 /* ViewController05.swift in Sources */,
				4896616E22A2378F0076BA30 /* ViewController08.swift in Sources */,
				4896616D22A2378F0076BA30 /* ViewController06.swift in Sources */,
				4896617322A2378F0076BA30 /* ViewController09.swift in Sources */,
				4896617822A239460076BA30 /* MightyTabBarController.swift in Sources */,
				4896617022A2378F0076BA30 /* ViewController03.swift in Sources */,
				4896617122A2378F0076BA30 /* ViewController04.swift in Sources */,
				4896616B22A2378F0076BA30 /* ViewController01.swift in Sources */,
				4896617622A238B90076BA30 /* MightyTabBar.swift in Sources */,
				4896616C22A2378F0076BA30 /* ViewController02.swift in Sources */,
				4896617422A2378F0076BA30 /* ViewController10.swift in Sources */,
				4896614F22A236F70076BA30 /* AppDelegate.swift in Sources */,
				4896617222A2378F0076BA30 /* ViewController07.swift in Sources */,
			);
			runOnlyForDeploymentPostprocessing = 0;
		};
/* End PBXSourcesBuildPhase section */

/* Begin PBXVariantGroup section */
		4896615722A236F90076BA30 /* LaunchScreen.storyboard */ = {
			isa = PBXVariantGroup;
			children = (
				4896615822A236F90076BA30 /* Base */,
			);
			name = LaunchScreen.storyboard;
			sourceTree = "<group>";
		};
/* End PBXVariantGroup section */

/* Begin XCBuildConfiguration section */
		4896615B22A236F90076BA30 /* Debug */ = {
			isa = XCBuildConfiguration;
			buildSettings = {
				ALWAYS_SEARCH_USER_PATHS = NO;
				CLANG_ANALYZER_NONNULL = YES;
				CLANG_ANALYZER_NUMBER_OBJECT_CONVERSION = YES_AGGRESSIVE;
				CLANG_CXX_LANGUAGE_STANDARD = "gnu++14";
				CLANG_CXX_LIBRARY = "libc++";
				CLANG_ENABLE_MODULES = YES;
				CLANG_ENABLE_OBJC_ARC = YES;
				CLANG_ENABLE_OBJC_WEAK = YES;
				CLANG_WARN_BLOCK_CAPTURE_AUTORELEASING = YES;
				CLANG_WARN_BOOL_CONVERSION = YES;
				CLANG_WARN_COMMA = YES;
				CLANG_WARN_CONSTANT_CONVERSION = YES;
				CLANG_WARN_DEPRECATED_OBJC_IMPLEMENTATIONS = YES;
				CLANG_WARN_DIRECT_OBJC_ISA_USAGE = YES_ERROR;
				CLANG_WARN_DOCUMENTATION_COMMENTS = YES;
				CLANG_WARN_EMPTY_BODY = YES;
				CLANG_WARN_ENUM_CONVERSION = YES;
				CLANG_WARN_INFINITE_RECURSION = YES;
				CLANG_WARN_INT_CONVERSION = YES;
				CLANG_WARN_NON_LITERAL_NULL_CONVERSION = YES;
				CLANG_WARN_OBJC_IMPLICIT_RETAIN_SELF = YES;
				CLANG_WARN_OBJC_LITERAL_CONVERSION = YES;
				CLANG_WARN_OBJC_ROOT_CLASS = YES_ERROR;
				CLANG_WARN_RANGE_LOOP_ANALYSIS = YES;
				CLANG_WARN_STRICT_PROTOTYPES = YES;
				CLANG_WARN_SUSPICIOUS_MOVE = YES;
				CLANG_WARN_UNGUARDED_AVAILABILITY = YES_AGGRESSIVE;
				CLANG_WARN_UNREACHABLE_CODE = YES;
				CLANG_WARN__DUPLICATE_METHOD_MATCH = YES;
				CODE_SIGN_IDENTITY = "iPhone Developer";
				COPY_PHASE_STRIP = NO;
				DEBUG_INFORMATION_FORMAT = dwarf;
				ENABLE_STRICT_OBJC_MSGSEND = YES;
				ENABLE_TESTABILITY = YES;
				GCC_C_LANGUAGE_STANDARD = gnu11;
				GCC_DYNAMIC_NO_PIC = NO;
				GCC_NO_COMMON_BLOCKS = YES;
				GCC_OPTIMIZATION_LEVEL = 0;
				GCC_PREPROCESSOR_DEFINITIONS = (
					"DEBUG=1",
					"$(inherited)",
				);
				GCC_WARN_64_TO_32_BIT_CONVERSION = YES;
				GCC_WARN_ABOUT_RETURN_TYPE = YES_ERROR;
				GCC_WARN_UNDECLARED_SELECTOR = YES;
				GCC_WARN_UNINITIALIZED_AUTOS = YES_AGGRESSIVE;
				GCC_WARN_UNUSED_FUNCTION = YES;
				GCC_WARN_UNUSED_VARIABLE = YES;
				IPHONEOS_DEPLOYMENT_TARGET = 12.2;
				MTL_ENABLE_DEBUG_INFO = INCLUDE_SOURCE;
				MTL_FAST_MATH = YES;
				ONLY_ACTIVE_ARCH = YES;
				SDKROOT = iphoneos;
				SWIFT_ACTIVE_COMPILATION_CONDITIONS = DEBUG;
				SWIFT_OPTIMIZATION_LEVEL = "-Onone";
			};
			name = Debug;
		};
		4896615C22A236F90076BA30 /* Release */ = {
			isa = XCBuildConfiguration;
			buildSettings = {
				ALWAYS_SEARCH_USER_PATHS = NO;
				CLANG_ANALYZER_NONNULL = YES;
				CLANG_ANALYZER_NUMBER_OBJECT_CONVERSION = YES_AGGRESSIVE;
				CLANG_CXX_LANGUAGE_STANDARD = "gnu++14";
				CLANG_CXX_LIBRARY = "libc++";
				CLANG_ENABLE_MODULES = YES;
				CLANG_ENABLE_OBJC_ARC = YES;
				CLANG_ENABLE_OBJC_WEAK = YES;
				CLANG_WARN_BLOCK_CAPTURE_AUTORELEASING = YES;
				CLANG_WARN_BOOL_CONVERSION = YES;
				CLANG_WARN_COMMA = YES;
				CLANG_WARN_CONSTANT_CONVERSION = YES;
				CLANG_WARN_DEPRECATED_OBJC_IMPLEMENTATIONS = YES;
				CLANG_WARN_DIRECT_OBJC_ISA_USAGE = YES_ERROR;
				CLANG_WARN_DOCUMENTATION_COMMENTS = YES;
				CLANG_WARN_EMPTY_BODY = YES;
				CLANG_WARN_ENUM_CONVERSION = YES;
				CLANG_WARN_INFINITE_RECURSION = YES;
				CLANG_WARN_INT_CONVERSION = YES;
				CLANG_WARN_NON_LITERAL_NULL_CONVERSION = YES;
				CLANG_WARN_OBJC_IMPLICIT_RETAIN_SELF = YES;
				CLANG_WARN_OBJC_LITERAL_CONVERSION = YES;
				CLANG_WARN_OBJC_ROOT_CLASS = YES_ERROR;
				CLANG_WARN_RANGE_LOOP_ANALYSIS = YES;
				CLANG_WARN_STRICT_PROTOTYPES = YES;
				CLANG_WARN_SUSPICIOUS_MOVE = YES;
				CLANG_WARN_UNGUARDED_AVAILABILITY = YES_AGGRESSIVE;
				CLANG_WARN_UNREACHABLE_CODE = YES;
				CLANG_WARN__DUPLICATE_METHOD_MATCH = YES;
				CODE_SIGN_IDENTITY = "iPhone Developer";
				COPY_PHASE_STRIP = NO;
				DEBUG_INFORMATION_FORMAT = "dwarf-with-dsym";
				ENABLE_NS_ASSERTIONS = NO;
				ENABLE_STRICT_OBJC_MSGSEND = YES;
				GCC_C_LANGUAGE_STANDARD = gnu11;
				GCC_NO_COMMON_BLOCKS = YES;
				GCC_WARN_64_TO_32_BIT_CONVERSION = YES;
				GCC_WARN_ABOUT_RETURN_TYPE = YES_ERROR;
				GCC_WARN_UNDECLARED_SELECTOR = YES;
				GCC_WARN_UNINITIALIZED_AUTOS = YES_AGGRESSIVE;
				GCC_WARN_UNUSED_FUNCTION = YES;
				GCC_WARN_UNUSED_VARIABLE = YES;
				IPHONEOS_DEPLOYMENT_TARGET = 12.2;
				MTL_ENABLE_DEBUG_INFO = NO;
				MTL_FAST_MATH = YES;
				SDKROOT = iphoneos;
				SWIFT_COMPILATION_MODE = wholemodule;
				SWIFT_OPTIMIZATION_LEVEL = "-O";
				VALIDATE_PRODUCT = YES;
			};
			name = Release;
		};
		4896615E22A236F90076BA30 /* Debug */ = {
			isa = XCBuildConfiguration;
			buildSettings = {
				ASSETCATALOG_COMPILER_APPICON_NAME = AppIcon;
				CODE_SIGN_STYLE = Automatic;
				DEVELOPMENT_TEAM = QKNVPTRYEV;
				INFOPLIST_FILE = "$(SRCROOT)/MightyTabBar/Info.plist";
				LD_RUNPATH_SEARCH_PATHS = (
					"$(inherited)",
					"@executable_path/Frameworks",
				);
				PRODUCT_BUNDLE_IDENTIFIER = com.timshim.MightyTabBar;
				PRODUCT_NAME = "$(TARGET_NAME)";
				SWIFT_VERSION = 5.0;
				TARGETED_DEVICE_FAMILY = "1,2";
			};
			name = Debug;
		};
		4896615F22A236F90076BA30 /* Release */ = {
			isa = XCBuildConfiguration;
			buildSettings = {
				ASSETCATALOG_COMPILER_APPICON_NAME = AppIcon;
				CODE_SIGN_STYLE = Automatic;
				DEVELOPMENT_TEAM = QKNVPTRYEV;
				INFOPLIST_FILE = "$(SRCROOT)/MightyTabBar/Info.plist";
				LD_RUNPATH_SEARCH_PATHS = (
					"$(inherited)",
					"@executable_path/Frameworks",
				);
				PRODUCT_BUNDLE_IDENTIFIER = com.timshim.MightyTabBar;
				PRODUCT_NAME = "$(TARGET_NAME)";
				SWIFT_VERSION = 5.0;
				TARGETED_DEVICE_FAMILY = "1,2";
			};
			name = Release;
		};
/* End XCBuildConfiguration section */

/* Begin XCConfigurationList section */
		4896614622A236F70076BA30 /* Build configuration list for PBXProject "MightyTabBar" */ = {
			isa = XCConfigurationList;
			buildConfigurations = (
				4896615B22A236F90076BA30 /* Debug */,
				4896615C22A236F90076BA30 /* Release */,
			);
			defaultConfigurationIsVisible = 0;
			defaultConfigurationName = Release;
		};
		4896615D22A236F90076BA30 /* Build configuration list for PBXNativeTarget "MightyTabBar" */ = {
			isa = XCConfigurationList;
			buildConfigurations = (
				4896615E22A236F90076BA30 /* Debug */,
				4896615F22A236F90076BA30 /* Release */,
			);
			defaultConfigurationIsVisible = 0;
			defaultConfigurationName = Release;
		};
/* End XCConfigurationList section */
	};
	rootObject = 4896614322A236F70076BA30 /* Project object */;
}
